
Microsoft Visual Studio Solution File, Format Version 12.00
# Visual Studio Version 16
VisualStudioVersion = 16.0.30804.86
MinimumVisualStudioVersion = 10.0.40219.1
Project("{FAE04EC0-301F-11D3-BF4B-00C04F79EFBC}") = "DesktopApp", "DesktopApp\DesktopApp.csproj", "{EC218354-FF84-41E3-8137-582B9E7888FE}"
EndProject
Project("{FAE04EC0-301F-11D3-BF4B-00C04F79EFBC}") = "Server", "Server\Server.csproj", "{DF076F55-FD2C-4A03-8A7A-4AB0DA293EA1}"
EndProject
Project("{FAE04EC0-301F-11D3-BF4B-00C04F79EFBC}") = "Core", "Core\Core.csproj", "{87D859D8-728F-4C12-B87F-EA388102D94F}"
EndProject
Project("{FAE04EC0-301F-11D3-BF4B-00C04F79EFBC}") = "Infrastructure", "Infrastructure\Infrastructure.csproj", "{8443CEDB-B69E-44EE-8952-C9724E99489E}"
EndProject
Project("{9A19103F-16F7-4668-BE54-9A1E7A4F7556}") = "Web", "Web\Web.csproj", "{F847E4B2-8FC9-4391-A96F-8904482DB130}"
EndProject
Project("{9A19103F-16F7-4668-BE54-9A1E7A4F7556}") = "Main.API", "API\Main.API.csproj", "{E48E9E13-7273-4B78-ABA3-DE1D9797479E}"
EndProject
Project("{2150E333-8FDC-42A3-9474-1A3956D46DE8}") = "Solution Items", "Solution Items", "{F4CE5092-ACCD-4B9B-A9E8-4545EFF04041}"
	ProjectSection(SolutionItems) = preProject
		README.md = README.md
	EndProjectSection
EndProject
Project("{2150E333-8FDC-42A3-9474-1A3956D46DE8}") = "readme", "readme", "{EF4A4FEE-913C-4296-A282-1684C63283DE}"
	ProjectSection(SolutionItems) = preProject
		F:\profil\Documents\applicationimage.PNG = F:\profil\Documents\applicationimage.PNG
	EndProjectSection
EndProject
Project("{2150E333-8FDC-42A3-9474-1A3956D46DE8}") = "Tests", "Tests", "{43AC4D30-D918-4ECE-90E6-0D9BF8B605EB}"
EndProject
Project("{9A19103F-16F7-4668-BE54-9A1E7A4F7556}") = "UnitTests", "UnitTests\UnitTests.csproj", "{970D0AA4-05DC-42CD-AB33-F2F962011925}"
EndProject
Project("{9A19103F-16F7-4668-BE54-9A1E7A4F7556}") = "Identity.API", "Identity.API\Identity.API.csproj", "{15C1473C-D50E-4676-A809-ACBC65A884DE}"
EndProject
Project("{2150E333-8FDC-42A3-9474-1A3956D46DE8}") = "API", "API", "{4C6DBBAC-748F-4127-B5EC-124EDC04EE37}"
EndProject
Global
	GlobalSection(SolutionConfigurationPlatforms) = preSolution
		Debug|Any CPU = Debug|Any CPU
		Release|Any CPU = Release|Any CPU
	EndGlobalSection
	GlobalSection(ProjectConfigurationPlatforms) = postSolution
		{EC218354-FF84-41E3-8137-582B9E7888FE}.Debug|Any CPU.ActiveCfg = Debug|Any CPU
		{EC218354-FF84-41E3-8137-582B9E7888FE}.Debug|Any CPU.Build.0 = Debug|Any CPU
		{EC218354-FF84-41E3-8137-582B9E7888FE}.Release|Any CPU.ActiveCfg = Release|Any CPU
		{EC218354-FF84-41E3-8137-582B9E7888FE}.Release|Any CPU.Build.0 = Release|Any CPU
		{DF076F55-FD2C-4A03-8A7A-4AB0DA293EA1}.Debug|Any CPU.ActiveCfg = Debug|Any CPU
		{DF076F55-FD2C-4A03-8A7A-4AB0DA293EA1}.Debug|Any CPU.Build.0 = Debug|Any CPU
		{DF076F55-FD2C-4A03-8A7A-4AB0DA293EA1}.Release|Any CPU.ActiveCfg = Release|Any CPU
		{DF076F55-FD2C-4A03-8A7A-4AB0DA293EA1}.Release|Any CPU.Build.0 = Release|Any CPU
		{87D859D8-728F-4C12-B87F-EA388102D94F}.Debug|Any CPU.ActiveCfg = Debug|Any CPU
		{87D859D8-728F-4C12-B87F-EA388102D94F}.Debug|Any CPU.Build.0 = Debug|Any CPU
		{87D859D8-728F-4C12-B87F-EA388102D94F}.Release|Any CPU.ActiveCfg = Release|Any CPU
		{87D859D8-728F-4C12-B87F-EA388102D94F}.Release|Any CPU.Build.0 = Release|Any CPU
		{8443CEDB-B69E-44EE-8952-C9724E99489E}.Debug|Any CPU.ActiveCfg = Debug|Any CPU
		{8443CEDB-B69E-44EE-8952-C9724E99489E}.Debug|Any CPU.Build.0 = Debug|Any CPU
		{8443CEDB-B69E-44EE-8952-C9724E99489E}.Release|Any CPU.ActiveCfg = Release|Any CPU
		{8443CEDB-B69E-44EE-8952-C9724E99489E}.Release|Any CPU.Build.0 = Release|Any CPU
		{F847E4B2-8FC9-4391-A96F-8904482DB130}.Debug|Any CPU.ActiveCfg = Debug|Any CPU
		{F847E4B2-8FC9-4391-A96F-8904482DB130}.Debug|Any CPU.Build.0 = Debug|Any CPU
		{F847E4B2-8FC9-4391-A96F-8904482DB130}.Release|Any CPU.ActiveCfg = Release|Any CPU
		{F847E4B2-8FC9-4391-A96F-8904482DB130}.Release|Any CPU.Build.0 = Release|Any CPU
		{E48E9E13-7273-4B78-ABA3-DE1D9797479E}.Debug|Any CPU.ActiveCfg = Debug|Any CPU
		{E48E9E13-7273-4B78-ABA3-DE1D9797479E}.Debug|Any CPU.Build.0 = Debug|Any CPU
		{E48E9E13-7273-4B78-ABA3-DE1D9797479E}.Release|Any CPU.ActiveCfg = Release|Any CPU
		{E48E9E13-7273-4B78-ABA3-DE1D9797479E}.Release|Any CPU.Build.0 = Release|Any CPU
		{970D0AA4-05DC-42CD-AB33-F2F962011925}.Debug|Any CPU.ActiveCfg = Debug|Any CPU
		{970D0AA4-05DC-42CD-AB33-F2F962011925}.Debug|Any CPU.Build.0 = Debug|Any CPU
		{970D0AA4-05DC-42CD-AB33-F2F962011925}.Release|Any CPU.ActiveCfg = Release|Any CPU
		{970D0AA4-05DC-42CD-AB33-F2F962011925}.Release|Any CPU.Build.0 = Release|Any CPU
		{15C1473C-D50E-4676-A809-ACBC65A884DE}.Debug|Any CPU.ActiveCfg = Debug|Any CPU
		{15C1473C-D50E-4676-A809-ACBC65A884DE}.Debug|Any CPU.Build.0 = Debug|Any CPU
		{15C1473C-D50E-4676-A809-ACBC65A884DE}.Release|Any CPU.ActiveCfg = Release|Any CPU
		{15C1473C-D50E-4676-A809-ACBC65A884DE}.Release|Any CPU.Build.0 = Release|Any CPU
	EndGlobalSection
	GlobalSection(SolutionProperties) = preSolution
		HideSolutionNode = FALSE
	EndGlobalSection
	GlobalSection(NestedProjects) = preSolution
		{E48E9E13-7273-4B78-ABA3-DE1D9797479E} = {4C6DBBAC-748F-4127-B5EC-124EDC04EE37}
		{EF4A4FEE-913C-4296-A282-1684C63283DE} = {F4CE5092-ACCD-4B9B-A9E8-4545EFF04041}
		{970D0AA4-05DC-42CD-AB33-F2F962011925} = {43AC4D30-D918-4ECE-90E6-0D9BF8B605EB}
		{15C1473C-D50E-4676-A809-ACBC65A884DE} = {4C6DBBAC-748F-4127-B5EC-124EDC04EE37}
	EndGlobalSection
	GlobalSection(ExtensibilityGlobals) = postSolution
		SolutionGuid = {4FFE4472-69AC-4E17-9E89-5B2164D50EB9}
	EndGlobalSection
EndGlobal
