
Microsoft Visual Studio Solution File, Format Version 12.00
# Visual Studio Version 16
VisualStudioVersion = 16.0.30804.86
MinimumVisualStudioVersion = 10.0.40219.1
Project("{FAE04EC0-301F-11D3-BF4B-00C04F79EFBC}") = "DesktopApp", "MyIssue.App\DesktopApp.csproj", "{EC218354-FF84-41E3-8137-582B9E7888FE}"
EndProject
Project("{FAE04EC0-301F-11D3-BF4B-00C04F79EFBC}") = "Server", "MyIssue.Server\Server.csproj", "{DF076F55-FD2C-4A03-8A7A-4AB0DA293EA1}"
EndProject
Project("{00D1A9C2-B5F0-4AF3-8072-F6C62B433612}") = "DB", "DB\DB.sqlproj", "{113EE7CE-D897-4AA5-9409-02978B24219C}"
EndProject
Project("{FAE04EC0-301F-11D3-BF4B-00C04F79EFBC}") = "Core", "Core\Core.csproj", "{87D859D8-728F-4C12-B87F-EA388102D94F}"
EndProject
Global
	GlobalSection(SolutionConfigurationPlatforms) = preSolution
		Debug|Any CPU = Debug|Any CPU
		Release|Any CPU = Release|Any CPU
	EndGlobalSection
	GlobalSection(ProjectConfigurationPlatforms) = postSolution
		{EC218354-FF84-41E3-8137-582B9E7888FE}.Debug|Any CPU.ActiveCfg = Debug|Any CPU
		{EC218354-FF84-41E3-8137-582B9E7888FE}.Debug|Any CPU.Build.0 = Debug|Any CPU
		{EC218354-FF84-41E3-8137-582B9E7888FE}.Release|Any CPU.ActiveCfg = Release|Any CPU
		{EC218354-FF84-41E3-8137-582B9E7888FE}.Release|Any CPU.Build.0 = Release|Any CPU
		{DF076F55-FD2C-4A03-8A7A-4AB0DA293EA1}.Debug|Any CPU.ActiveCfg = Debug|Any CPU
		{DF076F55-FD2C-4A03-8A7A-4AB0DA293EA1}.Debug|Any CPU.Build.0 = Debug|Any CPU
		{DF076F55-FD2C-4A03-8A7A-4AB0DA293EA1}.Release|Any CPU.ActiveCfg = Release|Any CPU
		{DF076F55-FD2C-4A03-8A7A-4AB0DA293EA1}.Release|Any CPU.Build.0 = Release|Any CPU
		{113EE7CE-D897-4AA5-9409-02978B24219C}.Debug|Any CPU.ActiveCfg = Debug|Any CPU
		{113EE7CE-D897-4AA5-9409-02978B24219C}.Debug|Any CPU.Build.0 = Debug|Any CPU
		{113EE7CE-D897-4AA5-9409-02978B24219C}.Debug|Any CPU.Deploy.0 = Debug|Any CPU
		{113EE7CE-D897-4AA5-9409-02978B24219C}.Release|Any CPU.ActiveCfg = Release|Any CPU
		{113EE7CE-D897-4AA5-9409-02978B24219C}.Release|Any CPU.Build.0 = Release|Any CPU
		{113EE7CE-D897-4AA5-9409-02978B24219C}.Release|Any CPU.Deploy.0 = Release|Any CPU
		{87D859D8-728F-4C12-B87F-EA388102D94F}.Debug|Any CPU.ActiveCfg = Debug|Any CPU
		{87D859D8-728F-4C12-B87F-EA388102D94F}.Debug|Any CPU.Build.0 = Debug|Any CPU
		{87D859D8-728F-4C12-B87F-EA388102D94F}.Release|Any CPU.ActiveCfg = Release|Any CPU
		{87D859D8-728F-4C12-B87F-EA388102D94F}.Release|Any CPU.Build.0 = Release|Any CPU
	EndGlobalSection
	GlobalSection(SolutionProperties) = preSolution
		HideSolutionNode = FALSE
	EndGlobalSection
	GlobalSection(ExtensibilityGlobals) = postSolution
		SolutionGuid = {4FFE4472-69AC-4E17-9E89-5B2164D50EB9}
	EndGlobalSection
EndGlobal
